{
  "requires": true,
  "lockfileVersion": 1,
  "dependencies": {
    "@popperjs/core": {
      "version": "2.7.0",
      "resolved": "https://registry.npmjs.org/@popperjs/core/-/core-2.7.0.tgz",
      "integrity": "sha512-V3WyEc8ZyAuOQ2fpFuTuYYOd2tV4NePeSdxaHYgYAOs7ERLxlcFi2XsmgI5LJFdAUmJKXsg8jaIiVTkTHQygQw=="
    },
    "bootstrap": {
      "version": "5.0.0-beta2",
      "resolved": "https://registry.npmjs.org/bootstrap/-/bootstrap-5.0.0-beta2.tgz",
      "integrity": "sha512-e+uPbPHqTQWKyCX435uVlOmgH9tUt0xtjvyOC7knhKgOS643BrQKuTo+KecGpPV7qlmOyZgCfaM4xxPWtDEN/g=="
    }
  }
}
